
Microsoft Visual Studio Solution File, Format Version 12.00
# Visual Studio 15
VisualStudioVersion = 15.0.28307.136
MinimumVisualStudioVersion = 10.0.40219.1
Project("{FAE04EC0-301F-11D3-BF4B-00C04F79EFBC}") = "IntroductionToCSharp", "IntroductionToCSharp\IntroductionToCSharp.csproj", "{CAC8F5A2-C82E-4128-9A13-4957AE215A00}"
EndProject
Global
	GlobalSection(SolutionConfigurationPlatforms) = preSolution
		Debug|Any CPU = Debug|Any CPU
		Release|Any CPU = Release|Any CPU
	EndGlobalSection
	GlobalSection(ProjectConfigurationPlatforms) = postSolution
		{CAC8F5A2-C82E-4128-9A13-4957AE215A00}.Debug|Any CPU.ActiveCfg = Debug|Any CPU
		{CAC8F5A2-C82E-4128-9A13-4957AE215A00}.Debug|Any CPU.Build.0 = Debug|Any CPU
		{CAC8F5A2-C82E-4128-9A13-4957AE215A00}.Release|Any CPU.ActiveCfg = Release|Any CPU
		{CAC8F5A2-C82E-4128-9A13-4957AE215A00}.Release|Any CPU.Build.0 = Release|Any CPU
	EndGlobalSection
	GlobalSection(SolutionProperties) = preSolution
		HideSolutionNode = FALSE
	EndGlobalSection
	GlobalSection(ExtensibilityGlobals) = postSolution
		SolutionGuid = {6BDB4325-78C6-4C52-B8B3-91C49EE00507}
	EndGlobalSection
EndGlobal
